
Microsoft Visual Studio Solution File, Format Version 12.00
# Visual Studio Version 17
VisualStudioVersion = 17.6.33829.357
MinimumVisualStudioVersion = 10.0.40219.1
Project("{FAE04EC0-301F-11D3-BF4B-00C04F79EFBC}") = "atividade.bisão", "atividade.bisão\atividade.bisão.csproj", "{AF89E047-A67F-431B-8B53-C0CAD3ED468C}"
EndProject
Global
	GlobalSection(SolutionConfigurationPlatforms) = preSolution
		Debug|Any CPU = Debug|Any CPU
		Release|Any CPU = Release|Any CPU
	EndGlobalSection
	GlobalSection(ProjectConfigurationPlatforms) = postSolution
		{AF89E047-A67F-431B-8B53-C0CAD3ED468C}.Debug|Any CPU.ActiveCfg = Debug|Any CPU
		{AF89E047-A67F-431B-8B53-C0CAD3ED468C}.Debug|Any CPU.Build.0 = Debug|Any CPU
		{AF89E047-A67F-431B-8B53-C0CAD3ED468C}.Release|Any CPU.ActiveCfg = Release|Any CPU
		{AF89E047-A67F-431B-8B53-C0CAD3ED468C}.Release|Any CPU.Build.0 = Release|Any CPU
	EndGlobalSection
	GlobalSection(SolutionProperties) = preSolution
		HideSolutionNode = FALSE
	EndGlobalSection
	GlobalSection(ExtensibilityGlobals) = postSolution
		SolutionGuid = {17FDFEB4-551F-4133-8C8C-1E318FC318E2}
	EndGlobalSection
EndGlobal
